github.com/SiriusScan/go-api v0.0.4 h1:Q2HPppkutEB7hUepAIIpF+6xYEw0ib9pAdXEbUlXkiw=
github.com/SiriusScan/go-api v0.0.4/go.mod h1:MAPRaLMgNPjP0qTp4BmDq80gzBQqwaY5YbQvlaLBwoc=
github.com/streadway/amqp v1.1.0 h1:py12iX8XSyI7aN/3dUT8DFIDJazNJsVJdxNVEpnQTZM=
github.com/streadway/amqp v1.1.0/go.mod h1:WYSrTEYHOXHd0nwFeUXAe2G2hRnQT+deZJJf88uS9Bg=
